
Microsoft Visual Studio Solution File, Format Version 12.00
# Visual Studio 15
VisualStudioVersion = 15.0.27703.2026
MinimumVisualStudioVersion = 10.0.40219.1
Project("{FAE04EC0-301F-11D3-BF4B-00C04F79EFBC}") = "ShoppingTask", "ShoppingTask\ShoppingTask.csproj", "{6405586E-C0D4-4A5B-89BB-A09093D25590}"
EndProject
Project("{FAE04EC0-301F-11D3-BF4B-00C04F79EFBC}") = "Test", "Test\Test.csproj", "{283FC220-53B9-4D39-A994-E760412D22B2}"
EndProject
Global
	GlobalSection(SolutionConfigurationPlatforms) = preSolution
		Debug|Any CPU = Debug|Any CPU
		Debug|ARM = Debug|ARM
		Debug|x64 = Debug|x64
		Debug|x86 = Debug|x86
		Release|Any CPU = Release|Any CPU
		Release|ARM = Release|ARM
		Release|x64 = Release|x64
		Release|x86 = Release|x86
	EndGlobalSection
	GlobalSection(ProjectConfigurationPlatforms) = postSolution
		{6405586E-C0D4-4A5B-89BB-A09093D25590}.Debug|Any CPU.ActiveCfg = Debug|Any CPU
		{6405586E-C0D4-4A5B-89BB-A09093D25590}.Debug|Any CPU.Build.0 = Debug|Any CPU
		{6405586E-C0D4-4A5B-89BB-A09093D25590}.Debug|ARM.ActiveCfg = Debug|Any CPU
		{6405586E-C0D4-4A5B-89BB-A09093D25590}.Debug|ARM.Build.0 = Debug|Any CPU
		{6405586E-C0D4-4A5B-89BB-A09093D25590}.Debug|x64.ActiveCfg = Debug|Any CPU
		{6405586E-C0D4-4A5B-89BB-A09093D25590}.Debug|x64.Build.0 = Debug|Any CPU
		{6405586E-C0D4-4A5B-89BB-A09093D25590}.Debug|x86.ActiveCfg = Debug|Any CPU
		{6405586E-C0D4-4A5B-89BB-A09093D25590}.Debug|x86.Build.0 = Debug|Any CPU
		{6405586E-C0D4-4A5B-89BB-A09093D25590}.Release|Any CPU.ActiveCfg = Release|Any CPU
		{6405586E-C0D4-4A5B-89BB-A09093D25590}.Release|Any CPU.Build.0 = Release|Any CPU
		{6405586E-C0D4-4A5B-89BB-A09093D25590}.Release|ARM.ActiveCfg = Release|Any CPU
		{6405586E-C0D4-4A5B-89BB-A09093D25590}.Release|ARM.Build.0 = Release|Any CPU
		{6405586E-C0D4-4A5B-89BB-A09093D25590}.Release|x64.ActiveCfg = Release|Any CPU
		{6405586E-C0D4-4A5B-89BB-A09093D25590}.Release|x64.Build.0 = Release|Any CPU
		{6405586E-C0D4-4A5B-89BB-A09093D25590}.Release|x86.ActiveCfg = Release|Any CPU
		{6405586E-C0D4-4A5B-89BB-A09093D25590}.Release|x86.Build.0 = Release|Any CPU
		{283FC220-53B9-4D39-A994-E760412D22B2}.Debug|Any CPU.ActiveCfg = Debug|Any CPU
		{283FC220-53B9-4D39-A994-E760412D22B2}.Debug|Any CPU.Build.0 = Debug|Any CPU
		{283FC220-53B9-4D39-A994-E760412D22B2}.Debug|ARM.ActiveCfg = Debug|Any CPU
		{283FC220-53B9-4D39-A994-E760412D22B2}.Debug|ARM.Build.0 = Debug|Any CPU
		{283FC220-53B9-4D39-A994-E760412D22B2}.Debug|x64.ActiveCfg = Debug|Any CPU
		{283FC220-53B9-4D39-A994-E760412D22B2}.Debug|x64.Build.0 = Debug|Any CPU
		{283FC220-53B9-4D39-A994-E760412D22B2}.Debug|x86.ActiveCfg = Debug|Any CPU
		{283FC220-53B9-4D39-A994-E760412D22B2}.Debug|x86.Build.0 = Debug|Any CPU
		{283FC220-53B9-4D39-A994-E760412D22B2}.Release|Any CPU.ActiveCfg = Release|Any CPU
		{283FC220-53B9-4D39-A994-E760412D22B2}.Release|Any CPU.Build.0 = Release|Any CPU
		{283FC220-53B9-4D39-A994-E760412D22B2}.Release|ARM.ActiveCfg = Release|Any CPU
		{283FC220-53B9-4D39-A994-E760412D22B2}.Release|ARM.Build.0 = Release|Any CPU
		{283FC220-53B9-4D39-A994-E760412D22B2}.Release|x64.ActiveCfg = Release|Any CPU
		{283FC220-53B9-4D39-A994-E760412D22B2}.Release|x64.Build.0 = Release|Any CPU
		{283FC220-53B9-4D39-A994-E760412D22B2}.Release|x86.ActiveCfg = Release|Any CPU
		{283FC220-53B9-4D39-A994-E760412D22B2}.Release|x86.Build.0 = Release|Any CPU
	EndGlobalSection
	GlobalSection(SolutionProperties) = preSolution
		HideSolutionNode = FALSE
	EndGlobalSection
	GlobalSection(ExtensibilityGlobals) = postSolution
		SolutionGuid = {E63FCEB0-A69C-43FB-9F45-8C6F1A4BC633}
	EndGlobalSection
EndGlobal
